dependencies:
  espressif/libsodium:
    component_hash: f6e982479a2389cb6868e8fb761cf23aba6c355a8090b3e906299807775f58a3
    source:
      service_url: https://api.components.espressif.com/
      type: service
    version: 1.0.20~1
  espressif/mdns:
    component_hash: 9ff9c578fc3a5ea3c68e807233e47f2ce6b2492a92d7a9356ae5c29ab45f0fde
    source:
      service_url: https://api.components.espressif.com/
      type: service
    version: 1.3.0
  idf:
    component_hash: null
    source:
      type: idf
    version: 5.2.1
manifest_hash: 4c62a9ac50ee48a7fdc787d7b3fde74fc945ebb95847d3496215ddfa012300fb
target: esp32
version: 1.0.0
