{
  "nodes": {
    "esp-dev": {
      "inputs": {
        "flake-utils": "flake-utils",
        "nixpkgs": "nixpkgs"
      },
      "locked": {
        "lastModified": 1789564820,
        "narHash": "sha256-N3X7xuLh5noS3iTOYafNQGcgtL+zyoDKAhj9uWFWMf8=",
        "owner": "rednblkx",
        "repo": "nixpkgs-esp-dev",
        "rev": "eac8575a4dfc2f5eafe366dc0b3317e4b64efdd7",
        "type": "github"
      },
      "original": {
        "owner": "rednblkx",
        "repo": "nixpkgs-esp-dev",
        "type": "github"
      }
    },
    "flake-utils": {
      "inputs": {
        "systems": "systems"
      },
      "locked": {
        "lastModified": 1731533236,
        "narHash": "sha256-l0KFg5HjrsfsO/JpG+r7fRrqm12kzFHyUHqHCVpMMbI=",
        "owner": "numtide",
        "repo": "flake-utils",
        "rev": "11707dc2f618dd54ca8739b309ec4fc024de578b",
        "type": "github"
      },
      "original": {
        "owner": "numtide",
        "repo": "flake-utils",
        "type": "github"
      }
    },
    "nixpkgs": {
      "locked": {
        "lastModified": 1767799921,
        "narHash": "sha256-r4GVX+FToWVE2My8VVZH4V0pTIpnu2ZE8/Z4uxGEMBE=",
        "owner": "NixOS",
        "repo": "nixpkgs",
        "rev": "d351d0653aeb7877273920cd3e823994e7579b0b",
        "type": "github"
      },
      "original": {
        "owner": "NixOS",
        "ref": "nixos-25.11",
        "repo": "nixpkgs",
        "type": "github"
      }
    },
    "nixpkgs_2": {
      "locked": {
        "lastModified": 1789370336,
        "narHash": "sha256-6RSEDHIWQtesQKWSu5qRai8L2h4KgCgMEfJHstW99G4=",
        "owner": "NixOS",
        "repo": "nixpkgs",
        "rev": "c7def046b9a883d46974757852106483d741586f",
        "type": "github"
      },
      "original": {
        "owner": "NixOS",
        "ref": "nixpkgs-unstable",
        "repo": "nixpkgs",
        "type": "github"
      }
    },
    "root": {
      "inputs": {
        "esp-dev": "esp-dev",
        "nixpkgs": "nixpkgs_2"
      }
    },
    "systems": {
      "locked": {
        "lastModified": 1681028828,
        "narHash": "sha256-Vy1rq5AaRuLzOxct8nz4T6wlgyUR7zLU309k9mBC768=",
        "owner": "nix-systems",
        "repo": "default",
        "rev": "da67096a3b9bf56a91d16901293e51ba5b49a27e",
        "type": "github"
      },
      "original": {
        "owner": "nix-systems",
        "repo": "default",
        "type": "github"
      }
    }
  },
  "root": "root",
  "version": 7
}
