github.com/imfing/hextra v0.11.0 h1:2HswtfKD/TFg2VWp0hvsH5F3/WoEugiz8s3n2JFouqY=
github.com/imfing/hextra v0.11.0/go.mod h1:cEfel3lU/bSx7lTE/+uuR4GJaphyOyiwNR3PTqFTXpI=
github.com/imfing/hextra v0.12.2 h1:qa+cHQ1LC/7ys9EhRNnHrRBAHu83Tm8rhh1oWO2a7cc=
github.com/imfing/hextra v0.12.2/go.mod h1:vi+yhpq8YPp/aghvJlNKVnJKcPJ/VyAEcfC1BSV9ARo=
